// !$*UTF8*$!
{
	archiveVersion = 1;
	classes = {
	};
	objectVersion = 48;
	objects = {

/* Begin PBXBuildFile section */
		05586F6620AC44BC00915974 /* AppDelegate.m in Sources */ = {isa = PBXBuildFile; fileRef = 05586F6520AC44BC00915974 /* AppDelegate.m */; };
		05586F6920AC44BC00915974 /* ViewController.m in Sources */ = {isa = PBXBuildFile; fileRef = 05586F6820AC44BC00915974 /* ViewController.m */; };
		05586F6C20AC44BC00915974 /* Main.storyboard in Resources */ = {isa = PBXBuildFile; fileRef = 05586F6A20AC44BC00915974 /* Main.storyboard */; };
		05586F6E20AC44BC00915974 /* Assets.xcassets in Resources */ = {isa = PBXBuildFile; fileRef = 05586F6D20AC44BC00915974 /* Assets.xcassets */; };
		05586F7120AC44BC00915974 /* LaunchScreen.storyboard in Resources */ = {isa = PBXBuildFile; fileRef = 05586F6F20AC44BC00915974 /* LaunchScreen.storyboard */; };
		05586F7420AC44BC00915974 /* main.m in Sources */ = {isa = PBXBuildFile; fileRef = 05586F7320AC44BC00915974 /* main.m */; };
		05586F7E20AC44BC00915974 /* UIPickerViewTests.m in Sources */ = {isa = PBXBuildFile; fileRef = 05586F7D20AC44BC00915974 /* UIPickerViewTests.m */; };
		05586F8920AC44BC00915974 /* UIPickerViewUITests.m in Sources */ = {isa = PBXBuildFile; fileRef = 05586F8820AC44BC00915974 /* UIPickerViewUITests.m */; };
/* End PBXBuildFile section */

/* Begin PBXContainerItemProxy section */
		05586F7A20AC44BC00915974 /* PBXContainerItemProxy */ = {
			isa = PBXContainerItemProxy;
			containerPortal = 05586F5920AC44BC00915974 /* Project object */;
			proxyType = 1;
			remoteGlobalIDString = 05586F6020AC44BC00915974;
			remoteInfo = UIPickerView;
		};
		05586F8520AC44BC00915974 /* PBXContainerItemProxy */ = {
			isa = PBXContainerItemProxy;
			containerPortal = 05586F5920AC44BC00915974 /* Project object */;
			proxyType = 1;
			remoteGlobalIDString = 05586F6020AC44BC00915974;
			remoteInfo = UIPickerView;
		};
/* End PBXContainerItemProxy section */

/* Begin PBXFileReference section */
		05586F6120AC44BC00915974 /* UIPickerView.app */ = {isa = PBXFileReference; explicitFileType = wrapper.application; includeInIndex = 0; path = UIPickerView.app; sourceTree = BUILT_PRODUCTS_DIR; };
		05586F6420AC44BC00915974 /* AppDelegate.h */ = {isa = PBXFileReference; lastKnownFileType = sourcecode.c.h; path = AppDelegate.h; sourceTree = "<group>"; };
		05586F6520AC44BC00915974 /* AppDelegate.m */ = {isa = PBXFileReference; lastKnownFileType = sourcecode.c.objc; path = AppDelegate.m; sourceTree = "<group>"; };
		05586F6720AC44BC00915974 /* ViewController.h */ = {isa = PBXFileReference; lastKnownFileType = sourcecode.c.h; path = ViewController.h; sourceTree = "<group>"; };
		05586F6820AC44BC00915974 /* ViewController.m */ = {isa = PBXFileReference; lastKnownFileType = sourcecode.c.objc; path = ViewController.m; sourceTree = "<group>"; };
		05586F6B20AC44BC00915974 /* Base */ = {isa = PBXFileReference; lastKnownFileType = file.storyboard; name = Base; path = Base.lproj/Main.storyboard; sourceTree = "<group>"; };
		05586F6D20AC44BC00915974 /* Assets.xcassets */ = {isa = PBXFileReference; lastKnownFileType = folder.assetcatalog; path = Assets.xcassets; sourceTree = "<group>"; };
		05586F7020AC44BC00915974 /* Base */ = {isa = PBXFileReference; lastKnownFileType = file.storyboard; name = Base; path = Base.lproj/LaunchScreen.storyboard; sourceTree = "<group>"; };
		05586F7220AC44BC00915974 /* Info.plist */ = {isa = PBXFileReference; lastKnownFileType = text.plist.xml; path = Info.plist; sourceTree = "<group>"; };
		05586F7320AC44BC00915974 /* main.m */ = {isa = PBXFileReference; lastKnownFileType = sourcecode.c.objc; path = main.m; sourceTree = "<group>"; };
		05586F7920AC44BC00915974 /* UIPickerViewTests.xctest */ = {isa = PBXFileReference; explicitFileType = wrapper.cfbundle; includeInIndex = 0; path = UIPickerViewTests.xctest; sourceTree = BUILT_PRODUCTS_DIR; };
		05586F7D20AC44BC00915974 /* UIPickerViewTests.m */ = {isa = PBXFileReference; lastKnownFileType = sourcecode.c.objc; path = UIPickerViewTests.m; sourceTree = "<group>"; };
		05586F7F20AC44BC00915974 /* Info.plist */ = {isa = PBXFileReference; lastKnownFileType = text.plist.xml; path = Info.plist; sourceTree = "<group>"; };
		05586F8420AC44BC00915974 /* UIPickerViewUITests.xctest */ = {isa = PBXFileReference; explicitFileType = wrapper.cfbundle; includeInIndex = 0; path = UIPickerViewUITests.xctest; sourceTree = BUILT_PRODUCTS_DIR; };
		05586F8820AC44BC00915974 /* UIPickerViewUITests.m */ = {isa = PBXFileReference; lastKnownFileType = sourcecode.c.objc; path = UIPickerViewUITests.m; sourceTree = "<group>"; };
		05586F8A20AC44BC00915974 /* Info.plist */ = {isa = PBXFileReference; lastKnownFileType = text.plist.xml; path = Info.plist; sourceTree = "<group>"; };
/* End PBXFileReference section */

/* Begin PBXFrameworksBuildPhase section */
		05586F5E20AC44BC00915974 /* Frameworks */ = {
			isa = PBXFrameworksBuildPhase;
			buildActionMask = 2147483647;
			files = (
			);
			runOnlyForDeploymentPostprocessing = 0;
		};
		05586F7620AC44BC00915974 /* Frameworks */ = {
			isa = PBXFrameworksBuildPhase;
			buildActionMask = 2147483647;
			files = (
			);
			runOnlyForDeploymentPostprocessing = 0;
		};
		05586F8120AC44BC00915974 /* Frameworks */ = {
			isa = PBXFrameworksBuildPhase;
			buildActionMask = 2147483647;
			files = (
			);
			runOnlyForDeploymentPostprocessing = 0;
		};
/* End PBXFrameworksBuildPhase section */

/* Begin PBXGroup section */
		05586F5820AC44BC00915974 = {
			isa = PBXGroup;
			children = (
				05586F6320AC44BC00915974 /* UIPickerView */,
				05586F7C20AC44BC00915974 /* UIPickerViewTests */,
				05586F8720AC44BC00915974 /* UIPickerViewUITests */,
				05586F6220AC44BC00915974 /* Products */,
			);
			sourceTree = "<group>";
		};
		05586F6220AC44BC00915974 /* Products */ = {
			isa = PBXGroup;
			children = (
				05586F6120AC44BC00915974 /* UIPickerView.app */,
				05586F7920AC44BC00915974 /* UIPickerViewTests.xctest */,
				05586F8420AC44BC00915974 /* UIPickerViewUITests.xctest */,
			);
			name = Products;
			sourceTree = "<group>";
		};
		05586F6320AC44BC00915974 /* UIPickerView */ = {
			isa = PBXGroup;
			children = (
				05586F6420AC44BC00915974 /* AppDelegate.h */,
				05586F6520AC44BC00915974 /* AppDelegate.m */,
				05586F6720AC44BC00915974 /* ViewController.h */,
				05586F6820AC44BC00915974 /* ViewController.m */,
				05586F6A20AC44BC00915974 /* Main.storyboard */,
				05586F6D20AC44BC00915974 /* Assets.xcassets */,
				05586F6F20AC44BC00915974 /* LaunchScreen.storyboard */,
				05586F7220AC44BC00915974 /* Info.plist */,
				05586F7320AC44BC00915974 /* main.m */,
			);
			path = UIPickerView;
			sourceTree = "<group>";
		};
		05586F7C20AC44BC00915974 /* UIPickerViewTests */ = {
			isa = PBXGroup;
			children = (
				05586F7D20AC44BC00915974 /* UIPickerViewTests.m */,
				05586F7F20AC44BC00915974 /* Info.plist */,
			);
			path = UIPickerViewTests;
			sourceTree = "<group>";
		};
		05586F8720AC44BC00915974 /* UIPickerViewUITests */ = {
			isa = PBXGroup;
			children = (
				05586F8820AC44BC00915974 /* UIPickerViewUITests.m */,
				05586F8A20AC44BC00915974 /* Info.plist */,
			);
			path = UIPickerViewUITests;
			sourceTree = "<group>";
		};
/* End PBXGroup section */

/* Begin PBXNativeTarget section */
		05586F6020AC44BC00915974 /* UIPickerView */ = {
			isa = PBXNativeTarget;
			buildConfigurationList = 05586F8D20AC44BC00915974 /* Build configuration list for PBXNativeTarget "UIPickerView" */;
			buildPhases = (
				05586F5D20AC44BC00915974 /* Sources */,
				05586F5E20AC44BC00915974 /* Frameworks */,
				05586F5F20AC44BC00915974 /* Resources */,
			);
			buildRules = (
			);
			dependencies = (
			);
			name = UIPickerView;
			productName = UIPickerView;
			productReference = 05586F6120AC44BC00915974 /* UIPickerView.app */;
			productType = "com.apple.product-type.application";
		};
		05586F7820AC44BC00915974 /* UIPickerViewTests */ = {
			isa = PBXNativeTarget;
			buildConfigurationList = 05586F9020AC44BC00915974 /* Build configuration list for PBXNativeTarget "UIPickerViewTests" */;
			buildPhases = (
				05586F7520AC44BC00915974 /* Sources */,
				05586F7620AC44BC00915974 /* Frameworks */,
				05586F7720AC44BC00915974 /* Resources */,
			);
			buildRules = (
			);
			dependencies = (
				05586F7B20AC44BC00915974 /* PBXTargetDependency */,
			);
			name = UIPickerViewTests;
			productName = UIPickerViewTests;
			productReference = 05586F7920AC44BC00915974 /* UIPickerViewTests.xctest */;
			productType = "com.apple.product-type.bundle.unit-test";
		};
		05586F8320AC44BC00915974 /* UIPickerViewUITests */ = {
			isa = PBXNativeTarget;
			buildConfigurationList = 05586F9320AC44BC00915974 /* Build configuration list for PBXNativeTarget "UIPickerViewUITests" */;
			buildPhases = (
				05586F8020AC44BC00915974 /* Sources */,
				05586F8120AC44BC00915974 /* Frameworks */,
				05586F8220AC44BC00915974 /* Resources */,
			);
			buildRules = (
			);
			dependencies = (
				05586F8620AC44BC00915974 /* PBXTargetDependency */,
			);
			name = UIPickerViewUITests;
			productName = UIPickerViewUITests;
			productReference = 05586F8420AC44BC00915974 /* UIPickerViewUITests.xctest */;
			productType = "com.apple.product-type.bundle.ui-testing";
		};
/* End PBXNativeTarget section */

/* Begin PBXProject section */
		05586F5920AC44BC00915974 /* Project object */ = {
			isa = PBXProject;
			attributes = {
				LastUpgradeCheck = 0920;
				ORGANIZATIONNAME = "ZF-iOS-i_MAC";
				TargetAttributes = {
					05586F6020AC44BC00915974 = {
						CreatedOnToolsVersion = 9.2;
						ProvisioningStyle = Automatic;
					};
					05586F7820AC44BC00915974 = {
						CreatedOnToolsVersion = 9.2;
						ProvisioningStyle = Automatic;
						TestTargetID = 05586F6020AC44BC00915974;
					};
					05586F8320AC44BC00915974 = {
						CreatedOnToolsVersion = 9.2;
						ProvisioningStyle = Automatic;
						TestTargetID = 05586F6020AC44BC00915974;
					};
				};
			};
			buildConfigurationList = 05586F5C20AC44BC00915974 /* Build configuration list for PBXProject "UIPickerView" */;
			compatibilityVersion = "Xcode 8.0";
			developmentRegion = en;
			hasScannedForEncodings = 0;
			knownRegions = (
				en,
				Base,
			);
			mainGroup = 05586F5820AC44BC00915974;
			productRefGroup = 05586F6220AC44BC00915974 /* Products */;
			projectDirPath = "";
			projectRoot = "";
			targets = (
				05586F6020AC44BC00915974 /* UIPickerView */,
				05586F7820AC44BC00915974 /* UIPickerViewTests */,
				05586F8320AC44BC00915974 /* UIPickerViewUITests */,
			);
		};
/* End PBXProject section */

/* Begin PBXResourcesBuildPhase section */
		05586F5F20AC44BC00915974 /* Resources */ = {
			isa = PBXResourcesBuildPhase;
			buildActionMask = 2147483647;
			files = (
				05586F7120AC44BC00915974 /* LaunchScreen.storyboard in Resources */,
				05586F6E20AC44BC00915974 /* Assets.xcassets in Resources */,
				05586F6C20AC44BC00915974 /* Main.storyboard in Resources */,
			);
			runOnlyForDeploymentPostprocessing = 0;
		};
		05586F7720AC44BC00915974 /* Resources */ = {
			isa = PBXResourcesBuildPhase;
			buildActionMask = 2147483647;
			files = (
			);
			runOnlyForDeploymentPostprocessing = 0;
		};
		05586F8220AC44BC00915974 /* Resources */ = {
			isa = PBXResourcesBuildPhase;
			buildActionMask = 2147483647;
			files = (
			);
			runOnlyForDeploymentPostprocessing = 0;
		};
/* End PBXResourcesBuildPhase section */

/* Begin PBXSourcesBuildPhase section */
		05586F5D20AC44BC00915974 /* Sources */ = {
			isa = PBXSourcesBuildPhase;
			buildActionMask = 2147483647;
			files = (
				05586F6920AC44BC00915974 /* ViewController.m in Sources */,
				05586F7420AC44BC00915974 /* main.m in Sources */,
				05586F6620AC44BC00915974 /* AppDelegate.m in Sources */,
			);
			runOnlyForDeploymentPostprocessing = 0;
		};
		05586F7520AC44BC00915974 /* Sources */ = {
			isa = PBXSourcesBuildPhase;
			buildActionMask = 2147483647;
			files = (
				05586F7E20AC44BC00915974 /* UIPickerViewTests.m in Sources */,
			);
			runOnlyForDeploymentPostprocessing = 0;
		};
		05586F8020AC44BC00915974 /* Sources */ = {
			isa = PBXSourcesBuildPhase;
			buildActionMask = 2147483647;
			files = (
				05586F8920AC44BC00915974 /* UIPickerViewUITests.m in Sources */,
			);
			runOnlyForDeploymentPostprocessing = 0;
		};
/* End PBXSourcesBuildPhase section */

/* Begin PBXTargetDependency section */
		05586F7B20AC44BC00915974 /* PBXTargetDependency */ = {
			isa = PBXTargetDependency;
			target = 05586F6020AC44BC00915974 /* UIPickerView */;
			targetProxy = 05586F7A20AC44BC00915974 /* PBXContainerItemProxy */;
		};
		05586F8620AC44BC00915974 /* PBXTargetDependency */ = {
			isa = PBXTargetDependency;
			target = 05586F6020AC44BC00915974 /* UIPickerView */;
			targetProxy = 05586F8520AC44BC00915974 /* PBXContainerItemProxy */;
		};
/* End PBXTargetDependency section */

/* Begin PBXVariantGroup section */
		05586F6A20AC44BC00915974 /* Main.storyboard */ = {
			isa = PBXVariantGroup;
			children = (
				05586F6B20AC44BC00915974 /* Base */,
			);
			name = Main.storyboard;
			sourceTree = "<group>";
		};
		05586F6F20AC44BC00915974 /* LaunchScreen.storyboard */ = {
			isa = PBXVariantGroup;
			children = (
				05586F7020AC44BC00915974 /* Base */,
			);
			name = LaunchScreen.storyboard;
			sourceTree = "<group>";
		};
/* End PBXVariantGroup section */

/* Begin XCBuildConfiguration section */
		05586F8B20AC44BC00915974 /* Debug */ = {
			isa = XCBuildConfiguration;
			buildSettings = {
				ALWAYS_SEARCH_USER_PATHS = NO;
				CLANG_ANALYZER_NONNULL = YES;
				CLANG_ANALYZER_NUMBER_OBJECT_CONVERSION = YES_AGGRESSIVE;
				CLANG_CXX_LANGUAGE_STANDARD = "gnu++14";
				CLANG_CXX_LIBRARY = "libc++";
				CLANG_ENABLE_MODULES = YES;
				CLANG_ENABLE_OBJC_ARC = YES;
				CLANG_WARN_BLOCK_CAPTURE_AUTORELEASING = YES;
				CLANG_WARN_BOOL_CONVERSION = YES;
				CLANG_WARN_COMMA = YES;
				CLANG_WARN_CONSTANT_CONVERSION = YES;
				CLANG_WARN_DIRECT_OBJC_ISA_USAGE = YES_ERROR;
				CLANG_WARN_DOCUMENTATION_COMMENTS = YES;
				CLANG_WARN_EMPTY_BODY = YES;
				CLANG_WARN_ENUM_CONVERSION = YES;
				CLANG_WARN_INFINITE_RECURSION = YES;
				CLANG_WARN_INT_CONVERSION = YES;
				CLANG_WARN_NON_LITERAL_NULL_CONVERSION = YES;
				CLANG_WARN_OBJC_LITERAL_CONVERSION = YES;
				CLANG_WARN_OBJC_ROOT_CLASS = YES_ERROR;
				CLANG_WARN_RANGE_LOOP_ANALYSIS = YES;
				CLANG_WARN_STRICT_PROTOTYPES = YES;
				CLANG_WARN_SUSPICIOUS_MOVE = YES;
				CLANG_WARN_UNGUARDED_AVAILABILITY = YES_AGGRESSIVE;
				CLANG_WARN_UNREACHABLE_CODE = YES;
				CLANG_WARN__DUPLICATE_METHOD_MATCH = YES;
				CODE_SIGN_IDENTITY = "iPhone Developer";
				COPY_PHASE_STRIP = NO;
				DEBUG_INFORMATION_FORMAT = dwarf;
				ENABLE_STRICT_OBJC_MSGSEND = YES;
				ENABLE_TESTABILITY = YES;
				GCC_C_LANGUAGE_STANDARD = gnu11;
				GCC_DYNAMIC_NO_PIC = NO;
				GCC_NO_COMMON_BLOCKS = YES;
				GCC_OPTIMIZATION_LEVEL = 0;
				GCC_PREPROCESSOR_DEFINITIONS = (
					"DEBUG=1",
					"$(inherited)",
				);
				GCC_WARN_64_TO_32_BIT_CONVERSION = YES;
				GCC_WARN_ABOUT_RETURN_TYPE = YES_ERROR;
				GCC_WARN_UNDECLARED_SELECTOR = YES;
				GCC_WARN_UNINITIALIZED_AUTOS = YES_AGGRESSIVE;
				GCC_WARN_UNUSED_FUNCTION = YES;
				GCC_WARN_UNUSED_VARIABLE = YES;
				IPHONEOS_DEPLOYMENT_TARGET = 11.2;
				MTL_ENABLE_DEBUG_INFO = YES;
				ONLY_ACTIVE_ARCH = YES;
				SDKROOT = iphoneos;
			};
			name = Debug;
		};
		05586F8C20AC44BC00915974 /* Release */ = {
			isa = XCBuildConfiguration;
			buildSettings = {
				ALWAYS_SEARCH_USER_PATHS = NO;
				CLANG_ANALYZER_NONNULL = YES;
				CLANG_ANALYZER_NUMBER_OBJECT_CONVERSION = YES_AGGRESSIVE;
				CLANG_CXX_LANGUAGE_STANDARD = "gnu++14";
				CLANG_CXX_LIBRARY = "libc++";
				CLANG_ENABLE_MODULES = YES;
				CLANG_ENABLE_OBJC_ARC = YES;
				CLANG_WARN_BLOCK_CAPTURE_AUTORELEASING = YES;
				CLANG_WARN_BOOL_CONVERSION = YES;
				CLANG_WARN_COMMA = YES;
				CLANG_WARN_CONSTANT_CONVERSION = YES;
				CLANG_WARN_DIRECT_OBJC_ISA_USAGE = YES_ERROR;
				CLANG_WARN_DOCUMENTATION_COMMENTS = YES;
				CLANG_WARN_EMPTY_BODY = YES;
				CLANG_WARN_ENUM_CONVERSION = YES;
				CLANG_WARN_INFINITE_RECURSION = YES;
				CLANG_WARN_INT_CONVERSION = YES;
				CLANG_WARN_NON_LITERAL_NULL_CONVERSION = YES;
				CLANG_WARN_OBJC_LITERAL_CONVERSION = YES;
				CLANG_WARN_OBJC_ROOT_CLASS = YES_ERROR;
				CLANG_WARN_RANGE_LOOP_ANALYSIS = YES;
				CLANG_WARN_STRICT_PROTOTYPES = YES;
				CLANG_WARN_SUSPICIOUS_MOVE = YES;
				CLANG_WARN_UNGUARDED_AVAILABILITY = YES_AGGRESSIVE;
				CLANG_WARN_UNREACHABLE_CODE = YES;
				CLANG_WARN__DUPLICATE_METHOD_MATCH = YES;
				CODE_SIGN_IDENTITY = "iPhone Developer";
				COPY_PHASE_STRIP = NO;
				DEBUG_INFORMATION_FORMAT = "dwarf-with-dsym";
				ENABLE_NS_ASSERTIONS = NO;
				ENABLE_STRICT_OBJC_MSGSEND = YES;
				GCC_C_LANGUAGE_STANDARD = gnu11;
				GCC_NO_COMMON_BLOCKS = YES;
				GCC_WARN_64_TO_32_BIT_CONVERSION = YES;
				GCC_WARN_ABOUT_RETURN_TYPE = YES_ERROR;
				GCC_WARN_UNDECLARED_SELECTOR = YES;
				GCC_WARN_UNINITIALIZED_AUTOS = YES_AGGRESSIVE;
				GCC_WARN_UNUSED_FUNCTION = YES;
				GCC_WARN_UNUSED_VARIABLE = YES;
				IPHONEOS_DEPLOYMENT_TARGET = 11.2;
				MTL_ENABLE_DEBUG_INFO = NO;
				SDKROOT = iphoneos;
				VALIDATE_PRODUCT = YES;
			};
			name = Release;
		};
		05586F8E20AC44BC00915974 /* Debug */ = {
			isa = XCBuildConfiguration;
			buildSettings = {
				ASSETCATALOG_COMPILER_APPICON_NAME = AppIcon;
				CODE_SIGN_STYLE = Automatic;
				DEVELOPMENT_TEAM = U9WQAY33PU;
				INFOPLIST_FILE = UIPickerView/Info.plist;
				LD_RUNPATH_SEARCH_PATHS = "$(inherited) @executable_path/Frameworks";
				PRODUCT_BUNDLE_IDENTIFIER = Test.UIPickerView;
				PRODUCT_NAME = "$(TARGET_NAME)";
				TARGETED_DEVICE_FAMILY = "1,2";
			};
			name = Debug;
		};
		05586F8F20AC44BC00915974 /* Release */ = {
			isa = XCBuildConfiguration;
			buildSettings = {
				ASSETCATALOG_COMPILER_APPICON_NAME = AppIcon;
				CODE_SIGN_STYLE = Automatic;
				DEVELOPMENT_TEAM = U9WQAY33PU;
				INFOPLIST_FILE = UIPickerView/Info.plist;
				LD_RUNPATH_SEARCH_PATHS = "$(inherited) @executable_path/Frameworks";
				PRODUCT_BUNDLE_IDENTIFIER = Test.UIPickerView;
				PRODUCT_NAME = "$(TARGET_NAME)";
				TARGETED_DEVICE_FAMILY = "1,2";
			};
			name = Release;
		};
		05586F9120AC44BC00915974 /* Debug */ = {
			isa = XCBuildConfiguration;
			buildSettings = {
				BUNDLE_LOADER = "$(TEST_HOST)";
				CODE_SIGN_STYLE = Automatic;
				DEVELOPMENT_TEAM = U9WQAY33PU;
				INFOPLIST_FILE = UIPickerViewTests/Info.plist;
				LD_RUNPATH_SEARCH_PATHS = "$(inherited) @executable_path/Frameworks @loader_path/Frameworks";
				PRODUCT_BUNDLE_IDENTIFIER = Test.UIPickerViewTests;
				PRODUCT_NAME = "$(TARGET_NAME)";
				TARGETED_DEVICE_FAMILY = "1,2";
				TEST_HOST = "$(BUILT_PRODUCTS_DIR)/UIPickerView.app/UIPickerView";
			};
			name = Debug;
		};
		05586F9220AC44BC00915974 /* Release */ = {
			isa = XCBuildConfiguration;
			buildSettings = {
				BUNDLE_LOADER = "$(TEST_HOST)";
				CODE_SIGN_STYLE = Automatic;
				DEVELOPMENT_TEAM = U9WQAY33PU;
				INFOPLIST_FILE = UIPickerViewTests/Info.plist;
				LD_RUNPATH_SEARCH_PATHS = "$(inherited) @executable_path/Frameworks @loader_path/Frameworks";
				PRODUCT_BUNDLE_IDENTIFIER = Test.UIPickerViewTests;
				PRODUCT_NAME = "$(TARGET_NAME)";
				TARGETED_DEVICE_FAMILY = "1,2";
				TEST_HOST = "$(BUILT_PRODUCTS_DIR)/UIPickerView.app/UIPickerView";
			};
			name = Release;
		};
		05586F9420AC44BC00915974 /* Debug */ = {
			isa = XCBuildConfiguration;
			buildSettings = {
				CODE_SIGN_STYLE = Automatic;
				DEVELOPMENT_TEAM = U9WQAY33PU;
				INFOPLIST_FILE = UIPickerViewUITests/Info.plist;
				LD_RUNPATH_SEARCH_PATHS = "$(inherited) @executable_path/Frameworks @loader_path/Frameworks";
				PRODUCT_BUNDLE_IDENTIFIER = Test.UIPickerViewUITests;
				PRODUCT_NAME = "$(TARGET_NAME)";
				TARGETED_DEVICE_FAMILY = "1,2";
				TEST_TARGET_NAME = UIPickerView;
			};
			name = Debug;
		};
		05586F9520AC44BC00915974 /* Release */ = {
			isa = XCBuildConfiguration;
			buildSettings = {
				CODE_SIGN_STYLE = Automatic;
				DEVELOPMENT_TEAM = U9WQAY33PU;
				INFOPLIST_FILE = UIPickerViewUITests/Info.plist;
				LD_RUNPATH_SEARCH_PATHS = "$(inherited) @executable_path/Frameworks @loader_path/Frameworks";
				PRODUCT_BUNDLE_IDENTIFIER = Test.UIPickerViewUITests;
				PRODUCT_NAME = "$(TARGET_NAME)";
				TARGETED_DEVICE_FAMILY = "1,2";
				TEST_TARGET_NAME = UIPickerView;
			};
			name = Release;
		};
/* End XCBuildConfiguration section */

/* Begin XCConfigurationList section */
		05586F5C20AC44BC00915974 /* Build configuration list for PBXProject "UIPickerView" */ = {
			isa = XCConfigurationList;
			buildConfigurations = (
				05586F8B20AC44BC00915974 /* Debug */,
				05586F8C20AC44BC00915974 /* Release */,
			);
			defaultConfigurationIsVisible = 0;
			defaultConfigurationName = Release;
		};
		05586F8D20AC44BC00915974 /* Build configuration list for PBXNativeTarget "UIPickerView" */ = {
			isa = XCConfigurationList;
			buildConfigurations = (
				05586F8E20AC44BC00915974 /* Debug */,
				05586F8F20AC44BC00915974 /* Release */,
			);
			defaultConfigurationIsVisible = 0;
			defaultConfigurationName = Release;
		};
		05586F9020AC44BC00915974 /* Build configuration list for PBXNativeTarget "UIPickerViewTests" */ = {
			isa = XCConfigurationList;
			buildConfigurations = (
				05586F9120AC44BC00915974 /* Debug */,
				05586F9220AC44BC00915974 /* Release */,
			);
			defaultConfigurationIsVisible = 0;
			defaultConfigurationName = Release;
		};
		05586F9320AC44BC00915974 /* Build configuration list for PBXNativeTarget "UIPickerViewUITests" */ = {
			isa = XCConfigurationList;
			buildConfigurations = (
				05586F9420AC44BC00915974 /* Debug */,
				05586F9520AC44BC00915974 /* Release */,
			);
			defaultConfigurationIsVisible = 0;
			defaultConfigurationName = Release;
		};
/* End XCConfigurationList section */
	};
	rootObject = 05586F5920AC44BC00915974 /* Project object */;
}
